
Microsoft Visual Studio Solution File, Format Version 12.00
# Visual Studio Version 17
VisualStudioVersion = 17.10.35013.160
MinimumVisualStudioVersion = 10.0.40219.1
Project("{8BC9CEB8-8B4A-11D0-8D11-00A0C91BC942}") = "fill  a 3X3 matrix", "fill  a 3X3 matrix\fill  a 3X3 matrix.vcxproj", "{D208C960-B31D-4DBA-8B0E-D13AA3CE3A0C}"
EndProject
Project("{8BC9CEB8-8B4A-11D0-8D11-00A0C91BC942}") = "Problem 2", "Problem 2\Problem 2.vcxproj", "{83A64128-A1E6-4DF6-B27C-3D8127C60CA6}"
EndProject
Project("{8BC9CEB8-8B4A-11D0-8D11-00A0C91BC942}") = "Problem 3", "Problem 3\Problem 3.vcxproj", "{05B919A3-4DD3-4732-B261-E661D0F73453}"
EndProject
Project("{8BC9CEB8-8B4A-11D0-8D11-00A0C91BC942}") = "problem 4", "problem 4\problem 4.vcxproj", "{DE7754FA-EB90-4895-A9A3-5CFFD6C341B0}"
EndProject
Project("{8BC9CEB8-8B4A-11D0-8D11-00A0C91BC942}") = "Problem 5", "Problem 5\Problem 5.vcxproj", "{E33395A2-E5B7-450E-933F-DF41CCAAE3B4}"
EndProject
Project("{8BC9CEB8-8B4A-11D0-8D11-00A0C91BC942}") = "Problem 6", "Problem 6\Problem 6.vcxproj", "{B34A2D01-DA0D-482F-8747-9EC956C5DF3C}"
EndProject
Project("{8BC9CEB8-8B4A-11D0-8D11-00A0C91BC942}") = "Problem 7", "Problem 7\Problem 7.vcxproj", "{588E5987-6EDE-44D3-8152-7FB4D2D77BC9}"
EndProject
Project("{8BC9CEB8-8B4A-11D0-8D11-00A0C91BC942}") = "Problem 8", "Problem 8\Problem 8.vcxproj", "{C15C250A-7FD3-4C96-9C73-08C62620AD8F}"
EndProject
Project("{8BC9CEB8-8B4A-11D0-8D11-00A0C91BC942}") = "Problem 9", "Problem 9\Problem 9.vcxproj", "{B72549FD-6910-4D0E-9E5A-512311099464}"
EndProject
Project("{8BC9CEB8-8B4A-11D0-8D11-00A0C91BC942}") = "Problem 10", "Problem 10\Problem 10.vcxproj", "{33E2FAE9-B47A-400E-89D7-75A2B07F7A22}"
EndProject
Project("{8BC9CEB8-8B4A-11D0-8D11-00A0C91BC942}") = "Problem 11", "Problem 11\Problem 11.vcxproj", "{CE101D6B-EBAA-454E-9A4F-208CDC5C0E3C}"
EndProject
Project("{8BC9CEB8-8B4A-11D0-8D11-00A0C91BC942}") = "Problem 12", "Problem 12\Problem 12.vcxproj", "{B4C067BE-BA43-45F8-A35B-5672989BCB39}"
EndProject
Project("{8BC9CEB8-8B4A-11D0-8D11-00A0C91BC942}") = "Problem 13", "Problem 13\Problem 13.vcxproj", "{272EB9B2-00FF-4366-AC69-D38875B7EF5B}"
EndProject
Project("{8BC9CEB8-8B4A-11D0-8D11-00A0C91BC942}") = "Problem 14", "Problem 14\Problem 14.vcxproj", "{F6799A25-47B3-44C9-8B35-47E6C491DB86}"
EndProject
Project("{8BC9CEB8-8B4A-11D0-8D11-00A0C91BC942}") = "Problem 15", "Problem 15\Problem 15.vcxproj", "{97CB6677-BF82-45FA-B70F-DE5363415937}"
EndProject
Project("{8BC9CEB8-8B4A-11D0-8D11-00A0C91BC942}") = "Problem 16", "Problem 16\Problem 16.vcxproj", "{CCAAAF37-A708-408B-8A94-B2FE849B903E}"
EndProject
Project("{8BC9CEB8-8B4A-11D0-8D11-00A0C91BC942}") = "Problem 17", "Problem 17\Problem 17.vcxproj", "{6FA5D109-B5C3-4F8D-A61E-3B048E254D5D}"
EndProject
Project("{8BC9CEB8-8B4A-11D0-8D11-00A0C91BC942}") = "Problem 18", "Problem 18\Problem 18.vcxproj", "{7768283E-B6DB-42D2-A5FD-0F39523FC4FD}"
EndProject
Project("{8BC9CEB8-8B4A-11D0-8D11-00A0C91BC942}") = "Problem 19", "Problem 19\Problem 19.vcxproj", "{70D860A8-C083-4604-B44B-16FE9250783A}"
EndProject
Project("{8BC9CEB8-8B4A-11D0-8D11-00A0C91BC942}") = "Problem 20", "Problem 20\Problem 20.vcxproj", "{DD5E786F-DF3B-49B7-94C4-2A009D8E24B9}"
EndProject
Project("{8BC9CEB8-8B4A-11D0-8D11-00A0C91BC942}") = "Problem 21", "Problem 21\Problem 21.vcxproj", "{B6944EB0-2AC2-4E2D-A58D-3DDB5C7BF9EB}"
EndProject
Project("{8BC9CEB8-8B4A-11D0-8D11-00A0C91BC942}") = "Problem 22", "Problem 22\Problem 22.vcxproj", "{15D64F13-432E-47A7-B992-2F37764DBBD6}"
EndProject
Project("{8BC9CEB8-8B4A-11D0-8D11-00A0C91BC942}") = "Problem 23", "Problem 23\Problem 23.vcxproj", "{0DA3DE9E-44F3-419C-81CB-F26227650BA8}"
EndProject
Project("{8BC9CEB8-8B4A-11D0-8D11-00A0C91BC942}") = "Problem 24", "Problem 24\Problem 24.vcxproj", "{B9B51D19-13DA-476F-96D8-C15B78FE000C}"
EndProject
Project("{8BC9CEB8-8B4A-11D0-8D11-00A0C91BC942}") = "Problem 25", "Problem 25\Problem 25.vcxproj", "{26C8F0D5-B18E-4F5E-904A-DD81CE4C0310}"
EndProject
Project("{8BC9CEB8-8B4A-11D0-8D11-00A0C91BC942}") = "Problem 26", "Problem 26\Problem 26.vcxproj", "{F2C26229-7424-4F13-B20E-7503D33E427C}"
EndProject
Project("{8BC9CEB8-8B4A-11D0-8D11-00A0C91BC942}") = "Problem 27", "Problem 27\Problem 27.vcxproj", "{BD2A28AB-A7B6-4918-8AAC-ABBA3ABA7E26}"
EndProject
Project("{8BC9CEB8-8B4A-11D0-8D11-00A0C91BC942}") = "Problem 28", "Problem 28\Problem 28.vcxproj", "{6EC620D2-8132-43F5-B892-8F6ECC0EDDDC}"
EndProject
Project("{8BC9CEB8-8B4A-11D0-8D11-00A0C91BC942}") = "Problem 29", "Problem 29\Problem 29.vcxproj", "{0FEE13D2-DA84-435B-A964-B840011D6CCF}"
EndProject
Project("{8BC9CEB8-8B4A-11D0-8D11-00A0C91BC942}") = "Problem 30", "Problem 30\Problem 30.vcxproj", "{1D524D7B-E353-4C6D-A11F-92F15661570A}"
EndProject
Project("{8BC9CEB8-8B4A-11D0-8D11-00A0C91BC942}") = "Problem 31", "Problem 31\Problem 31.vcxproj", "{2B5A520A-CD8F-4766-917F-065DC9A514FE}"
EndProject
Project("{8BC9CEB8-8B4A-11D0-8D11-00A0C91BC942}") = "Problem 32", "Problem 32\Problem 32.vcxproj", "{7E31E848-0FFA-4740-A47E-65EDC063C475}"
EndProject
Project("{8BC9CEB8-8B4A-11D0-8D11-00A0C91BC942}") = "Problem 33", "Problem 33\Problem 33.vcxproj", "{1280DF6B-9AC1-4A00-9511-50C1C804E700}"
EndProject
Project("{8BC9CEB8-8B4A-11D0-8D11-00A0C91BC942}") = "Problem 34", "Problem 34\Problem 34.vcxproj", "{A7995ABC-B3D3-480D-B6D1-4694CB835904}"
EndProject
Project("{8BC9CEB8-8B4A-11D0-8D11-00A0C91BC942}") = "Problem 35", "Problem 35\Problem 35.vcxproj", "{8E557029-10F1-4398-8223-0DB63D6FFC85}"
EndProject
Project("{8BC9CEB8-8B4A-11D0-8D11-00A0C91BC942}") = "Problem 36", "Problem 36\Problem 36.vcxproj", "{E061348D-5B68-48E7-80A7-E57EB737DA07}"
EndProject
Project("{8BC9CEB8-8B4A-11D0-8D11-00A0C91BC942}") = "Problem 37", "Problem 37\Problem 37.vcxproj", "{24D1DE4D-D3FC-488B-9021-A5712B094FC5}"
EndProject
Project("{8BC9CEB8-8B4A-11D0-8D11-00A0C91BC942}") = "Problem 38", "Problem 38\Problem 38.vcxproj", "{75293964-2139-48A1-BC0F-0256AD43ECF5}"
EndProject
Project("{8BC9CEB8-8B4A-11D0-8D11-00A0C91BC942}") = "Problem 39", "Problem 39\Problem 39.vcxproj", "{FA1C171E-643F-4EF1-8474-4B8AF3EC6CC4}"
EndProject
Project("{8BC9CEB8-8B4A-11D0-8D11-00A0C91BC942}") = "Problem 40", "Problem 40\Problem 40.vcxproj", "{C33514E9-F07E-4A78-B46A-390480757078}"
EndProject
Project("{8BC9CEB8-8B4A-11D0-8D11-00A0C91BC942}") = "Problem 41", "Problem 41\Problem 41.vcxproj", "{92A98696-719C-49D7-94E9-FD4C417CAC26}"
EndProject
Project("{8BC9CEB8-8B4A-11D0-8D11-00A0C91BC942}") = "Problem 42", "Problem 42\Problem 42.vcxproj", "{72CC3BCE-1F76-4D15-81D6-7A91AB83728E}"
EndProject
Project("{8BC9CEB8-8B4A-11D0-8D11-00A0C91BC942}") = "Problem 43", "Problem 43\Problem 43.vcxproj", "{C50A9A76-9AC6-4535-97FC-FD634DB7949A}"
EndProject
Project("{8BC9CEB8-8B4A-11D0-8D11-00A0C91BC942}") = "Problem 44", "Problem 44\Problem 44.vcxproj", "{9EAA8BEC-D67F-443B-9C36-D9F7B9803C7F}"
EndProject
Project("{8BC9CEB8-8B4A-11D0-8D11-00A0C91BC942}") = "Problem 45", "Problem 45\Problem 45.vcxproj", "{CDFC0B83-045E-4F6C-91FE-B70DA0F813DF}"
EndProject
Project("{8BC9CEB8-8B4A-11D0-8D11-00A0C91BC942}") = "Problem 46", "Problem 46\Problem 46.vcxproj", "{FCFCE76D-AFE8-4900-8809-9C1E34CD6E15}"
EndProject
Global
	GlobalSection(SolutionConfigurationPlatforms) = preSolution
		Debug|x64 = Debug|x64
		Debug|x86 = Debug|x86
		Release|x64 = Release|x64
		Release|x86 = Release|x86
	EndGlobalSection
	GlobalSection(ProjectConfigurationPlatforms) = postSolution
		{D208C960-B31D-4DBA-8B0E-D13AA3CE3A0C}.Debug|x64.ActiveCfg = Debug|x64
		{D208C960-B31D-4DBA-8B0E-D13AA3CE3A0C}.Debug|x64.Build.0 = Debug|x64
		{D208C960-B31D-4DBA-8B0E-D13AA3CE3A0C}.Debug|x86.ActiveCfg = Debug|Win32
		{D208C960-B31D-4DBA-8B0E-D13AA3CE3A0C}.Debug|x86.Build.0 = Debug|Win32
		{D208C960-B31D-4DBA-8B0E-D13AA3CE3A0C}.Release|x64.ActiveCfg = Release|x64
		{D208C960-B31D-4DBA-8B0E-D13AA3CE3A0C}.Release|x64.Build.0 = Release|x64
		{D208C960-B31D-4DBA-8B0E-D13AA3CE3A0C}.Release|x86.ActiveCfg = Release|Win32
		{D208C960-B31D-4DBA-8B0E-D13AA3CE3A0C}.Release|x86.Build.0 = Release|Win32
		{83A64128-A1E6-4DF6-B27C-3D8127C60CA6}.Debug|x64.ActiveCfg = Debug|x64
		{83A64128-A1E6-4DF6-B27C-3D8127C60CA6}.Debug|x64.Build.0 = Debug|x64
		{83A64128-A1E6-4DF6-B27C-3D8127C60CA6}.Debug|x86.ActiveCfg = Debug|Win32
		{83A64128-A1E6-4DF6-B27C-3D8127C60CA6}.Debug|x86.Build.0 = Debug|Win32
		{83A64128-A1E6-4DF6-B27C-3D8127C60CA6}.Release|x64.ActiveCfg = Release|x64
		{83A64128-A1E6-4DF6-B27C-3D8127C60CA6}.Release|x64.Build.0 = Release|x64
		{83A64128-A1E6-4DF6-B27C-3D8127C60CA6}.Release|x86.ActiveCfg = Release|Win32
		{83A64128-A1E6-4DF6-B27C-3D8127C60CA6}.Release|x86.Build.0 = Release|Win32
		{05B919A3-4DD3-4732-B261-E661D0F73453}.Debug|x64.ActiveCfg = Debug|x64
		{05B919A3-4DD3-4732-B261-E661D0F73453}.Debug|x64.Build.0 = Debug|x64
		{05B919A3-4DD3-4732-B261-E661D0F73453}.Debug|x86.ActiveCfg = Debug|Win32
		{05B919A3-4DD3-4732-B261-E661D0F73453}.Debug|x86.Build.0 = Debug|Win32
		{05B919A3-4DD3-4732-B261-E661D0F73453}.Release|x64.ActiveCfg = Release|x64
		{05B919A3-4DD3-4732-B261-E661D0F73453}.Release|x64.Build.0 = Release|x64
		{05B919A3-4DD3-4732-B261-E661D0F73453}.Release|x86.ActiveCfg = Release|Win32
		{05B919A3-4DD3-4732-B261-E661D0F73453}.Release|x86.Build.0 = Release|Win32
		{DE7754FA-EB90-4895-A9A3-5CFFD6C341B0}.Debug|x64.ActiveCfg = Debug|x64
		{DE7754FA-EB90-4895-A9A3-5CFFD6C341B0}.Debug|x64.Build.0 = Debug|x64
		{DE7754FA-EB90-4895-A9A3-5CFFD6C341B0}.Debug|x86.ActiveCfg = Debug|Win32
		{DE7754FA-EB90-4895-A9A3-5CFFD6C341B0}.Debug|x86.Build.0 = Debug|Win32
		{DE7754FA-EB90-4895-A9A3-5CFFD6C341B0}.Release|x64.ActiveCfg = Release|x64
		{DE7754FA-EB90-4895-A9A3-5CFFD6C341B0}.Release|x64.Build.0 = Release|x64
		{DE7754FA-EB90-4895-A9A3-5CFFD6C341B0}.Release|x86.ActiveCfg = Release|Win32
		{DE7754FA-EB90-4895-A9A3-5CFFD6C341B0}.Release|x86.Build.0 = Release|Win32
		{E33395A2-E5B7-450E-933F-DF41CCAAE3B4}.Debug|x64.ActiveCfg = Debug|x64
		{E33395A2-E5B7-450E-933F-DF41CCAAE3B4}.Debug|x64.Build.0 = Debug|x64
		{E33395A2-E5B7-450E-933F-DF41CCAAE3B4}.Debug|x86.ActiveCfg = Debug|Win32
		{E33395A2-E5B7-450E-933F-DF41CCAAE3B4}.Debug|x86.Build.0 = Debug|Win32
		{E33395A2-E5B7-450E-933F-DF41CCAAE3B4}.Release|x64.ActiveCfg = Release|x64
		{E33395A2-E5B7-450E-933F-DF41CCAAE3B4}.Release|x64.Build.0 = Release|x64
		{E33395A2-E5B7-450E-933F-DF41CCAAE3B4}.Release|x86.ActiveCfg = Release|Win32
		{E33395A2-E5B7-450E-933F-DF41CCAAE3B4}.Release|x86.Build.0 = Release|Win32
		{B34A2D01-DA0D-482F-8747-9EC956C5DF3C}.Debug|x64.ActiveCfg = Debug|x64
		{B34A2D01-DA0D-482F-8747-9EC956C5DF3C}.Debug|x64.Build.0 = Debug|x64
		{B34A2D01-DA0D-482F-8747-9EC956C5DF3C}.Debug|x86.ActiveCfg = Debug|Win32
		{B34A2D01-DA0D-482F-8747-9EC956C5DF3C}.Debug|x86.Build.0 = Debug|Win32
		{B34A2D01-DA0D-482F-8747-9EC956C5DF3C}.Release|x64.ActiveCfg = Release|x64
		{B34A2D01-DA0D-482F-8747-9EC956C5DF3C}.Release|x64.Build.0 = Release|x64
		{B34A2D01-DA0D-482F-8747-9EC956C5DF3C}.Release|x86.ActiveCfg = Release|Win32
		{B34A2D01-DA0D-482F-8747-9EC956C5DF3C}.Release|x86.Build.0 = Release|Win32
		{588E5987-6EDE-44D3-8152-7FB4D2D77BC9}.Debug|x64.ActiveCfg = Debug|x64
		{588E5987-6EDE-44D3-8152-7FB4D2D77BC9}.Debug|x64.Build.0 = Debug|x64
		{588E5987-6EDE-44D3-8152-7FB4D2D77BC9}.Debug|x86.ActiveCfg = Debug|Win32
		{588E5987-6EDE-44D3-8152-7FB4D2D77BC9}.Debug|x86.Build.0 = Debug|Win32
		{588E5987-6EDE-44D3-8152-7FB4D2D77BC9}.Release|x64.ActiveCfg = Release|x64
		{588E5987-6EDE-44D3-8152-7FB4D2D77BC9}.Release|x64.Build.0 = Release|x64
		{588E5987-6EDE-44D3-8152-7FB4D2D77BC9}.Release|x86.ActiveCfg = Release|Win32
		{588E5987-6EDE-44D3-8152-7FB4D2D77BC9}.Release|x86.Build.0 = Release|Win32
		{C15C250A-7FD3-4C96-9C73-08C62620AD8F}.Debug|x64.ActiveCfg = Debug|x64
		{C15C250A-7FD3-4C96-9C73-08C62620AD8F}.Debug|x64.Build.0 = Debug|x64
		{C15C250A-7FD3-4C96-9C73-08C62620AD8F}.Debug|x86.ActiveCfg = Debug|Win32
		{C15C250A-7FD3-4C96-9C73-08C62620AD8F}.Debug|x86.Build.0 = Debug|Win32
		{C15C250A-7FD3-4C96-9C73-08C62620AD8F}.Release|x64.ActiveCfg = Release|x64
		{C15C250A-7FD3-4C96-9C73-08C62620AD8F}.Release|x64.Build.0 = Release|x64
		{C15C250A-7FD3-4C96-9C73-08C62620AD8F}.Release|x86.ActiveCfg = Release|Win32
		{C15C250A-7FD3-4C96-9C73-08C62620AD8F}.Release|x86.Build.0 = Release|Win32
		{B72549FD-6910-4D0E-9E5A-512311099464}.Debug|x64.ActiveCfg = Debug|x64
		{B72549FD-6910-4D0E-9E5A-512311099464}.Debug|x64.Build.0 = Debug|x64
		{B72549FD-6910-4D0E-9E5A-512311099464}.Debug|x86.ActiveCfg = Debug|Win32
		{B72549FD-6910-4D0E-9E5A-512311099464}.Debug|x86.Build.0 = Debug|Win32
		{B72549FD-6910-4D0E-9E5A-512311099464}.Release|x64.ActiveCfg = Release|x64
		{B72549FD-6910-4D0E-9E5A-512311099464}.Release|x64.Build.0 = Release|x64
		{B72549FD-6910-4D0E-9E5A-512311099464}.Release|x86.ActiveCfg = Release|Win32
		{B72549FD-6910-4D0E-9E5A-512311099464}.Release|x86.Build.0 = Release|Win32
		{33E2FAE9-B47A-400E-89D7-75A2B07F7A22}.Debug|x64.ActiveCfg = Debug|x64
		{33E2FAE9-B47A-400E-89D7-75A2B07F7A22}.Debug|x64.Build.0 = Debug|x64
		{33E2FAE9-B47A-400E-89D7-75A2B07F7A22}.Debug|x86.ActiveCfg = Debug|Win32
		{33E2FAE9-B47A-400E-89D7-75A2B07F7A22}.Debug|x86.Build.0 = Debug|Win32
		{33E2FAE9-B47A-400E-89D7-75A2B07F7A22}.Release|x64.ActiveCfg = Release|x64
		{33E2FAE9-B47A-400E-89D7-75A2B07F7A22}.Release|x64.Build.0 = Release|x64
		{33E2FAE9-B47A-400E-89D7-75A2B07F7A22}.Release|x86.ActiveCfg = Release|Win32
		{33E2FAE9-B47A-400E-89D7-75A2B07F7A22}.Release|x86.Build.0 = Release|Win32
		{CE101D6B-EBAA-454E-9A4F-208CDC5C0E3C}.Debug|x64.ActiveCfg = Debug|x64
		{CE101D6B-EBAA-454E-9A4F-208CDC5C0E3C}.Debug|x64.Build.0 = Debug|x64
		{CE101D6B-EBAA-454E-9A4F-208CDC5C0E3C}.Debug|x86.ActiveCfg = Debug|Win32
		{CE101D6B-EBAA-454E-9A4F-208CDC5C0E3C}.Debug|x86.Build.0 = Debug|Win32
		{CE101D6B-EBAA-454E-9A4F-208CDC5C0E3C}.Release|x64.ActiveCfg = Release|x64
		{CE101D6B-EBAA-454E-9A4F-208CDC5C0E3C}.Release|x64.Build.0 = Release|x64
		{CE101D6B-EBAA-454E-9A4F-208CDC5C0E3C}.Release|x86.ActiveCfg = Release|Win32
		{CE101D6B-EBAA-454E-9A4F-208CDC5C0E3C}.Release|x86.Build.0 = Release|Win32
		{B4C067BE-BA43-45F8-A35B-5672989BCB39}.Debug|x64.ActiveCfg = Debug|x64
		{B4C067BE-BA43-45F8-A35B-5672989BCB39}.Debug|x64.Build.0 = Debug|x64
		{B4C067BE-BA43-45F8-A35B-5672989BCB39}.Debug|x86.ActiveCfg = Debug|Win32
		{B4C067BE-BA43-45F8-A35B-5672989BCB39}.Debug|x86.Build.0 = Debug|Win32
		{B4C067BE-BA43-45F8-A35B-5672989BCB39}.Release|x64.ActiveCfg = Release|x64
		{B4C067BE-BA43-45F8-A35B-5672989BCB39}.Release|x64.Build.0 = Release|x64
		{B4C067BE-BA43-45F8-A35B-5672989BCB39}.Release|x86.ActiveCfg = Release|Win32
		{B4C067BE-BA43-45F8-A35B-5672989BCB39}.Release|x86.Build.0 = Release|Win32
		{272EB9B2-00FF-4366-AC69-D38875B7EF5B}.Debug|x64.ActiveCfg = Debug|x64
		{272EB9B2-00FF-4366-AC69-D38875B7EF5B}.Debug|x64.Build.0 = Debug|x64
		{272EB9B2-00FF-4366-AC69-D38875B7EF5B}.Debug|x86.ActiveCfg = Debug|Win32
		{272EB9B2-00FF-4366-AC69-D38875B7EF5B}.Debug|x86.Build.0 = Debug|Win32
		{272EB9B2-00FF-4366-AC69-D38875B7EF5B}.Release|x64.ActiveCfg = Release|x64
		{272EB9B2-00FF-4366-AC69-D38875B7EF5B}.Release|x64.Build.0 = Release|x64
		{272EB9B2-00FF-4366-AC69-D38875B7EF5B}.Release|x86.ActiveCfg = Release|Win32
		{272EB9B2-00FF-4366-AC69-D38875B7EF5B}.Release|x86.Build.0 = Release|Win32
		{F6799A25-47B3-44C9-8B35-47E6C491DB86}.Debug|x64.ActiveCfg = Debug|x64
		{F6799A25-47B3-44C9-8B35-47E6C491DB86}.Debug|x64.Build.0 = Debug|x64
		{F6799A25-47B3-44C9-8B35-47E6C491DB86}.Debug|x86.ActiveCfg = Debug|Win32
		{F6799A25-47B3-44C9-8B35-47E6C491DB86}.Debug|x86.Build.0 = Debug|Win32
		{F6799A25-47B3-44C9-8B35-47E6C491DB86}.Release|x64.ActiveCfg = Release|x64
		{F6799A25-47B3-44C9-8B35-47E6C491DB86}.Release|x64.Build.0 = Release|x64
		{F6799A25-47B3-44C9-8B35-47E6C491DB86}.Release|x86.ActiveCfg = Release|Win32
		{F6799A25-47B3-44C9-8B35-47E6C491DB86}.Release|x86.Build.0 = Release|Win32
		{97CB6677-BF82-45FA-B70F-DE5363415937}.Debug|x64.ActiveCfg = Debug|x64
		{97CB6677-BF82-45FA-B70F-DE5363415937}.Debug|x64.Build.0 = Debug|x64
		{97CB6677-BF82-45FA-B70F-DE5363415937}.Debug|x86.ActiveCfg = Debug|Win32
		{97CB6677-BF82-45FA-B70F-DE5363415937}.Debug|x86.Build.0 = Debug|Win32
		{97CB6677-BF82-45FA-B70F-DE5363415937}.Release|x64.ActiveCfg = Release|x64
		{97CB6677-BF82-45FA-B70F-DE5363415937}.Release|x64.Build.0 = Release|x64
		{97CB6677-BF82-45FA-B70F-DE5363415937}.Release|x86.ActiveCfg = Release|Win32
		{97CB6677-BF82-45FA-B70F-DE5363415937}.Release|x86.Build.0 = Release|Win32
		{CCAAAF37-A708-408B-8A94-B2FE849B903E}.Debug|x64.ActiveCfg = Debug|x64
		{CCAAAF37-A708-408B-8A94-B2FE849B903E}.Debug|x64.Build.0 = Debug|x64
		{CCAAAF37-A708-408B-8A94-B2FE849B903E}.Debug|x86.ActiveCfg = Debug|Win32
		{CCAAAF37-A708-408B-8A94-B2FE849B903E}.Debug|x86.Build.0 = Debug|Win32
		{CCAAAF37-A708-408B-8A94-B2FE849B903E}.Release|x64.ActiveCfg = Release|x64
		{CCAAAF37-A708-408B-8A94-B2FE849B903E}.Release|x64.Build.0 = Release|x64
		{CCAAAF37-A708-408B-8A94-B2FE849B903E}.Release|x86.ActiveCfg = Release|Win32
		{CCAAAF37-A708-408B-8A94-B2FE849B903E}.Release|x86.Build.0 = Release|Win32
		{6FA5D109-B5C3-4F8D-A61E-3B048E254D5D}.Debug|x64.ActiveCfg = Debug|x64
		{6FA5D109-B5C3-4F8D-A61E-3B048E254D5D}.Debug|x64.Build.0 = Debug|x64
		{6FA5D109-B5C3-4F8D-A61E-3B048E254D5D}.Debug|x86.ActiveCfg = Debug|Win32
		{6FA5D109-B5C3-4F8D-A61E-3B048E254D5D}.Debug|x86.Build.0 = Debug|Win32
		{6FA5D109-B5C3-4F8D-A61E-3B048E254D5D}.Release|x64.ActiveCfg = Release|x64
		{6FA5D109-B5C3-4F8D-A61E-3B048E254D5D}.Release|x64.Build.0 = Release|x64
		{6FA5D109-B5C3-4F8D-A61E-3B048E254D5D}.Release|x86.ActiveCfg = Release|Win32
		{6FA5D109-B5C3-4F8D-A61E-3B048E254D5D}.Release|x86.Build.0 = Release|Win32
		{7768283E-B6DB-42D2-A5FD-0F39523FC4FD}.Debug|x64.ActiveCfg = Debug|x64
		{7768283E-B6DB-42D2-A5FD-0F39523FC4FD}.Debug|x64.Build.0 = Debug|x64
		{7768283E-B6DB-42D2-A5FD-0F39523FC4FD}.Debug|x86.ActiveCfg = Debug|Win32
		{7768283E-B6DB-42D2-A5FD-0F39523FC4FD}.Debug|x86.Build.0 = Debug|Win32
		{7768283E-B6DB-42D2-A5FD-0F39523FC4FD}.Release|x64.ActiveCfg = Release|x64
		{7768283E-B6DB-42D2-A5FD-0F39523FC4FD}.Release|x64.Build.0 = Release|x64
		{7768283E-B6DB-42D2-A5FD-0F39523FC4FD}.Release|x86.ActiveCfg = Release|Win32
		{7768283E-B6DB-42D2-A5FD-0F39523FC4FD}.Release|x86.Build.0 = Release|Win32
		{70D860A8-C083-4604-B44B-16FE9250783A}.Debug|x64.ActiveCfg = Debug|x64
		{70D860A8-C083-4604-B44B-16FE9250783A}.Debug|x64.Build.0 = Debug|x64
		{70D860A8-C083-4604-B44B-16FE9250783A}.Debug|x86.ActiveCfg = Debug|Win32
		{70D860A8-C083-4604-B44B-16FE9250783A}.Debug|x86.Build.0 = Debug|Win32
		{70D860A8-C083-4604-B44B-16FE9250783A}.Release|x64.ActiveCfg = Release|x64
		{70D860A8-C083-4604-B44B-16FE9250783A}.Release|x64.Build.0 = Release|x64
		{70D860A8-C083-4604-B44B-16FE9250783A}.Release|x86.ActiveCfg = Release|Win32
		{70D860A8-C083-4604-B44B-16FE9250783A}.Release|x86.Build.0 = Release|Win32
		{DD5E786F-DF3B-49B7-94C4-2A009D8E24B9}.Debug|x64.ActiveCfg = Debug|x64
		{DD5E786F-DF3B-49B7-94C4-2A009D8E24B9}.Debug|x64.Build.0 = Debug|x64
		{DD5E786F-DF3B-49B7-94C4-2A009D8E24B9}.Debug|x86.ActiveCfg = Debug|Win32
		{DD5E786F-DF3B-49B7-94C4-2A009D8E24B9}.Debug|x86.Build.0 = Debug|Win32
		{DD5E786F-DF3B-49B7-94C4-2A009D8E24B9}.Release|x64.ActiveCfg = Release|x64
		{DD5E786F-DF3B-49B7-94C4-2A009D8E24B9}.Release|x64.Build.0 = Release|x64
		{DD5E786F-DF3B-49B7-94C4-2A009D8E24B9}.Release|x86.ActiveCfg = Release|Win32
		{DD5E786F-DF3B-49B7-94C4-2A009D8E24B9}.Release|x86.Build.0 = Release|Win32
		{B6944EB0-2AC2-4E2D-A58D-3DDB5C7BF9EB}.Debug|x64.ActiveCfg = Debug|x64
		{B6944EB0-2AC2-4E2D-A58D-3DDB5C7BF9EB}.Debug|x64.Build.0 = Debug|x64
		{B6944EB0-2AC2-4E2D-A58D-3DDB5C7BF9EB}.Debug|x86.ActiveCfg = Debug|Win32
		{B6944EB0-2AC2-4E2D-A58D-3DDB5C7BF9EB}.Debug|x86.Build.0 = Debug|Win32
		{B6944EB0-2AC2-4E2D-A58D-3DDB5C7BF9EB}.Release|x64.ActiveCfg = Release|x64
		{B6944EB0-2AC2-4E2D-A58D-3DDB5C7BF9EB}.Release|x64.Build.0 = Release|x64
		{B6944EB0-2AC2-4E2D-A58D-3DDB5C7BF9EB}.Release|x86.ActiveCfg = Release|Win32
		{B6944EB0-2AC2-4E2D-A58D-3DDB5C7BF9EB}.Release|x86.Build.0 = Release|Win32
		{15D64F13-432E-47A7-B992-2F37764DBBD6}.Debug|x64.ActiveCfg = Debug|x64
		{15D64F13-432E-47A7-B992-2F37764DBBD6}.Debug|x64.Build.0 = Debug|x64
		{15D64F13-432E-47A7-B992-2F37764DBBD6}.Debug|x86.ActiveCfg = Debug|Win32
		{15D64F13-432E-47A7-B992-2F37764DBBD6}.Debug|x86.Build.0 = Debug|Win32
		{15D64F13-432E-47A7-B992-2F37764DBBD6}.Release|x64.ActiveCfg = Release|x64
		{15D64F13-432E-47A7-B992-2F37764DBBD6}.Release|x64.Build.0 = Release|x64
		{15D64F13-432E-47A7-B992-2F37764DBBD6}.Release|x86.ActiveCfg = Release|Win32
		{15D64F13-432E-47A7-B992-2F37764DBBD6}.Release|x86.Build.0 = Release|Win32
		{0DA3DE9E-44F3-419C-81CB-F26227650BA8}.Debug|x64.ActiveCfg = Debug|x64
		{0DA3DE9E-44F3-419C-81CB-F26227650BA8}.Debug|x64.Build.0 = Debug|x64
		{0DA3DE9E-44F3-419C-81CB-F26227650BA8}.Debug|x86.ActiveCfg = Debug|Win32
		{0DA3DE9E-44F3-419C-81CB-F26227650BA8}.Debug|x86.Build.0 = Debug|Win32
		{0DA3DE9E-44F3-419C-81CB-F26227650BA8}.Release|x64.ActiveCfg = Release|x64
		{0DA3DE9E-44F3-419C-81CB-F26227650BA8}.Release|x64.Build.0 = Release|x64
		{0DA3DE9E-44F3-419C-81CB-F26227650BA8}.Release|x86.ActiveCfg = Release|Win32
		{0DA3DE9E-44F3-419C-81CB-F26227650BA8}.Release|x86.Build.0 = Release|Win32
		{B9B51D19-13DA-476F-96D8-C15B78FE000C}.Debug|x64.ActiveCfg = Debug|x64
		{B9B51D19-13DA-476F-96D8-C15B78FE000C}.Debug|x64.Build.0 = Debug|x64
		{B9B51D19-13DA-476F-96D8-C15B78FE000C}.Debug|x86.ActiveCfg = Debug|Win32
		{B9B51D19-13DA-476F-96D8-C15B78FE000C}.Debug|x86.Build.0 = Debug|Win32
		{B9B51D19-13DA-476F-96D8-C15B78FE000C}.Release|x64.ActiveCfg = Release|x64
		{B9B51D19-13DA-476F-96D8-C15B78FE000C}.Release|x64.Build.0 = Release|x64
		{B9B51D19-13DA-476F-96D8-C15B78FE000C}.Release|x86.ActiveCfg = Release|Win32
		{B9B51D19-13DA-476F-96D8-C15B78FE000C}.Release|x86.Build.0 = Release|Win32
		{26C8F0D5-B18E-4F5E-904A-DD81CE4C0310}.Debug|x64.ActiveCfg = Debug|x64
		{26C8F0D5-B18E-4F5E-904A-DD81CE4C0310}.Debug|x64.Build.0 = Debug|x64
		{26C8F0D5-B18E-4F5E-904A-DD81CE4C0310}.Debug|x86.ActiveCfg = Debug|Win32
		{26C8F0D5-B18E-4F5E-904A-DD81CE4C0310}.Debug|x86.Build.0 = Debug|Win32
		{26C8F0D5-B18E-4F5E-904A-DD81CE4C0310}.Release|x64.ActiveCfg = Release|x64
		{26C8F0D5-B18E-4F5E-904A-DD81CE4C0310}.Release|x64.Build.0 = Release|x64
		{26C8F0D5-B18E-4F5E-904A-DD81CE4C0310}.Release|x86.ActiveCfg = Release|Win32
		{26C8F0D5-B18E-4F5E-904A-DD81CE4C0310}.Release|x86.Build.0 = Release|Win32
		{F2C26229-7424-4F13-B20E-7503D33E427C}.Debug|x64.ActiveCfg = Debug|x64
		{F2C26229-7424-4F13-B20E-7503D33E427C}.Debug|x64.Build.0 = Debug|x64
		{F2C26229-7424-4F13-B20E-7503D33E427C}.Debug|x86.ActiveCfg = Debug|Win32
		{F2C26229-7424-4F13-B20E-7503D33E427C}.Debug|x86.Build.0 = Debug|Win32
		{F2C26229-7424-4F13-B20E-7503D33E427C}.Release|x64.ActiveCfg = Release|x64
		{F2C26229-7424-4F13-B20E-7503D33E427C}.Release|x64.Build.0 = Release|x64
		{F2C26229-7424-4F13-B20E-7503D33E427C}.Release|x86.ActiveCfg = Release|Win32
		{F2C26229-7424-4F13-B20E-7503D33E427C}.Release|x86.Build.0 = Release|Win32
		{BD2A28AB-A7B6-4918-8AAC-ABBA3ABA7E26}.Debug|x64.ActiveCfg = Debug|x64
		{BD2A28AB-A7B6-4918-8AAC-ABBA3ABA7E26}.Debug|x64.Build.0 = Debug|x64
		{BD2A28AB-A7B6-4918-8AAC-ABBA3ABA7E26}.Debug|x86.ActiveCfg = Debug|Win32
		{BD2A28AB-A7B6-4918-8AAC-ABBA3ABA7E26}.Debug|x86.Build.0 = Debug|Win32
		{BD2A28AB-A7B6-4918-8AAC-ABBA3ABA7E26}.Release|x64.ActiveCfg = Release|x64
		{BD2A28AB-A7B6-4918-8AAC-ABBA3ABA7E26}.Release|x64.Build.0 = Release|x64
		{BD2A28AB-A7B6-4918-8AAC-ABBA3ABA7E26}.Release|x86.ActiveCfg = Release|Win32
		{BD2A28AB-A7B6-4918-8AAC-ABBA3ABA7E26}.Release|x86.Build.0 = Release|Win32
		{6EC620D2-8132-43F5-B892-8F6ECC0EDDDC}.Debug|x64.ActiveCfg = Debug|x64
		{6EC620D2-8132-43F5-B892-8F6ECC0EDDDC}.Debug|x64.Build.0 = Debug|x64
		{6EC620D2-8132-43F5-B892-8F6ECC0EDDDC}.Debug|x86.ActiveCfg = Debug|Win32
		{6EC620D2-8132-43F5-B892-8F6ECC0EDDDC}.Debug|x86.Build.0 = Debug|Win32
		{6EC620D2-8132-43F5-B892-8F6ECC0EDDDC}.Release|x64.ActiveCfg = Release|x64
		{6EC620D2-8132-43F5-B892-8F6ECC0EDDDC}.Release|x64.Build.0 = Release|x64
		{6EC620D2-8132-43F5-B892-8F6ECC0EDDDC}.Release|x86.ActiveCfg = Release|Win32
		{6EC620D2-8132-43F5-B892-8F6ECC0EDDDC}.Release|x86.Build.0 = Release|Win32
		{0FEE13D2-DA84-435B-A964-B840011D6CCF}.Debug|x64.ActiveCfg = Debug|x64
		{0FEE13D2-DA84-435B-A964-B840011D6CCF}.Debug|x64.Build.0 = Debug|x64
		{0FEE13D2-DA84-435B-A964-B840011D6CCF}.Debug|x86.ActiveCfg = Debug|Win32
		{0FEE13D2-DA84-435B-A964-B840011D6CCF}.Debug|x86.Build.0 = Debug|Win32
		{0FEE13D2-DA84-435B-A964-B840011D6CCF}.Release|x64.ActiveCfg = Release|x64
		{0FEE13D2-DA84-435B-A964-B840011D6CCF}.Release|x64.Build.0 = Release|x64
		{0FEE13D2-DA84-435B-A964-B840011D6CCF}.Release|x86.ActiveCfg = Release|Win32
		{0FEE13D2-DA84-435B-A964-B840011D6CCF}.Release|x86.Build.0 = Release|Win32
		{1D524D7B-E353-4C6D-A11F-92F15661570A}.Debug|x64.ActiveCfg = Debug|x64
		{1D524D7B-E353-4C6D-A11F-92F15661570A}.Debug|x64.Build.0 = Debug|x64
		{1D524D7B-E353-4C6D-A11F-92F15661570A}.Debug|x86.ActiveCfg = Debug|Win32
		{1D524D7B-E353-4C6D-A11F-92F15661570A}.Debug|x86.Build.0 = Debug|Win32
		{1D524D7B-E353-4C6D-A11F-92F15661570A}.Release|x64.ActiveCfg = Release|x64
		{1D524D7B-E353-4C6D-A11F-92F15661570A}.Release|x64.Build.0 = Release|x64
		{1D524D7B-E353-4C6D-A11F-92F15661570A}.Release|x86.ActiveCfg = Release|Win32
		{1D524D7B-E353-4C6D-A11F-92F15661570A}.Release|x86.Build.0 = Release|Win32
		{2B5A520A-CD8F-4766-917F-065DC9A514FE}.Debug|x64.ActiveCfg = Debug|x64
		{2B5A520A-CD8F-4766-917F-065DC9A514FE}.Debug|x64.Build.0 = Debug|x64
		{2B5A520A-CD8F-4766-917F-065DC9A514FE}.Debug|x86.ActiveCfg = Debug|Win32
		{2B5A520A-CD8F-4766-917F-065DC9A514FE}.Debug|x86.Build.0 = Debug|Win32
		{2B5A520A-CD8F-4766-917F-065DC9A514FE}.Release|x64.ActiveCfg = Release|x64
		{2B5A520A-CD8F-4766-917F-065DC9A514FE}.Release|x64.Build.0 = Release|x64
		{2B5A520A-CD8F-4766-917F-065DC9A514FE}.Release|x86.ActiveCfg = Release|Win32
		{2B5A520A-CD8F-4766-917F-065DC9A514FE}.Release|x86.Build.0 = Release|Win32
		{7E31E848-0FFA-4740-A47E-65EDC063C475}.Debug|x64.ActiveCfg = Debug|x64
		{7E31E848-0FFA-4740-A47E-65EDC063C475}.Debug|x64.Build.0 = Debug|x64
		{7E31E848-0FFA-4740-A47E-65EDC063C475}.Debug|x86.ActiveCfg = Debug|Win32
		{7E31E848-0FFA-4740-A47E-65EDC063C475}.Debug|x86.Build.0 = Debug|Win32
		{7E31E848-0FFA-4740-A47E-65EDC063C475}.Release|x64.ActiveCfg = Release|x64
		{7E31E848-0FFA-4740-A47E-65EDC063C475}.Release|x64.Build.0 = Release|x64
		{7E31E848-0FFA-4740-A47E-65EDC063C475}.Release|x86.ActiveCfg = Release|Win32
		{7E31E848-0FFA-4740-A47E-65EDC063C475}.Release|x86.Build.0 = Release|Win32
		{1280DF6B-9AC1-4A00-9511-50C1C804E700}.Debug|x64.ActiveCfg = Debug|x64
		{1280DF6B-9AC1-4A00-9511-50C1C804E700}.Debug|x64.Build.0 = Debug|x64
		{1280DF6B-9AC1-4A00-9511-50C1C804E700}.Debug|x86.ActiveCfg = Debug|Win32
		{1280DF6B-9AC1-4A00-9511-50C1C804E700}.Debug|x86.Build.0 = Debug|Win32
		{1280DF6B-9AC1-4A00-9511-50C1C804E700}.Release|x64.ActiveCfg = Release|x64
		{1280DF6B-9AC1-4A00-9511-50C1C804E700}.Release|x64.Build.0 = Release|x64
		{1280DF6B-9AC1-4A00-9511-50C1C804E700}.Release|x86.ActiveCfg = Release|Win32
		{1280DF6B-9AC1-4A00-9511-50C1C804E700}.Release|x86.Build.0 = Release|Win32
		{A7995ABC-B3D3-480D-B6D1-4694CB835904}.Debug|x64.ActiveCfg = Debug|x64
		{A7995ABC-B3D3-480D-B6D1-4694CB835904}.Debug|x64.Build.0 = Debug|x64
		{A7995ABC-B3D3-480D-B6D1-4694CB835904}.Debug|x86.ActiveCfg = Debug|Win32
		{A7995ABC-B3D3-480D-B6D1-4694CB835904}.Debug|x86.Build.0 = Debug|Win32
		{A7995ABC-B3D3-480D-B6D1-4694CB835904}.Release|x64.ActiveCfg = Release|x64
		{A7995ABC-B3D3-480D-B6D1-4694CB835904}.Release|x64.Build.0 = Release|x64
		{A7995ABC-B3D3-480D-B6D1-4694CB835904}.Release|x86.ActiveCfg = Release|Win32
		{A7995ABC-B3D3-480D-B6D1-4694CB835904}.Release|x86.Build.0 = Release|Win32
		{8E557029-10F1-4398-8223-0DB63D6FFC85}.Debug|x64.ActiveCfg = Debug|x64
		{8E557029-10F1-4398-8223-0DB63D6FFC85}.Debug|x64.Build.0 = Debug|x64
		{8E557029-10F1-4398-8223-0DB63D6FFC85}.Debug|x86.ActiveCfg = Debug|Win32
		{8E557029-10F1-4398-8223-0DB63D6FFC85}.Debug|x86.Build.0 = Debug|Win32
		{8E557029-10F1-4398-8223-0DB63D6FFC85}.Release|x64.ActiveCfg = Release|x64
		{8E557029-10F1-4398-8223-0DB63D6FFC85}.Release|x64.Build.0 = Release|x64
		{8E557029-10F1-4398-8223-0DB63D6FFC85}.Release|x86.ActiveCfg = Release|Win32
		{8E557029-10F1-4398-8223-0DB63D6FFC85}.Release|x86.Build.0 = Release|Win32
		{E061348D-5B68-48E7-80A7-E57EB737DA07}.Debug|x64.ActiveCfg = Debug|x64
		{E061348D-5B68-48E7-80A7-E57EB737DA07}.Debug|x64.Build.0 = Debug|x64
		{E061348D-5B68-48E7-80A7-E57EB737DA07}.Debug|x86.ActiveCfg = Debug|Win32
		{E061348D-5B68-48E7-80A7-E57EB737DA07}.Debug|x86.Build.0 = Debug|Win32
		{E061348D-5B68-48E7-80A7-E57EB737DA07}.Release|x64.ActiveCfg = Release|x64
		{E061348D-5B68-48E7-80A7-E57EB737DA07}.Release|x64.Build.0 = Release|x64
		{E061348D-5B68-48E7-80A7-E57EB737DA07}.Release|x86.ActiveCfg = Release|Win32
		{E061348D-5B68-48E7-80A7-E57EB737DA07}.Release|x86.Build.0 = Release|Win32
		{24D1DE4D-D3FC-488B-9021-A5712B094FC5}.Debug|x64.ActiveCfg = Debug|x64
		{24D1DE4D-D3FC-488B-9021-A5712B094FC5}.Debug|x64.Build.0 = Debug|x64
		{24D1DE4D-D3FC-488B-9021-A5712B094FC5}.Debug|x86.ActiveCfg = Debug|Win32
		{24D1DE4D-D3FC-488B-9021-A5712B094FC5}.Debug|x86.Build.0 = Debug|Win32
		{24D1DE4D-D3FC-488B-9021-A5712B094FC5}.Release|x64.ActiveCfg = Release|x64
		{24D1DE4D-D3FC-488B-9021-A5712B094FC5}.Release|x64.Build.0 = Release|x64
		{24D1DE4D-D3FC-488B-9021-A5712B094FC5}.Release|x86.ActiveCfg = Release|Win32
		{24D1DE4D-D3FC-488B-9021-A5712B094FC5}.Release|x86.Build.0 = Release|Win32
		{75293964-2139-48A1-BC0F-0256AD43ECF5}.Debug|x64.ActiveCfg = Debug|x64
		{75293964-2139-48A1-BC0F-0256AD43ECF5}.Debug|x64.Build.0 = Debug|x64
		{75293964-2139-48A1-BC0F-0256AD43ECF5}.Debug|x86.ActiveCfg = Debug|Win32
		{75293964-2139-48A1-BC0F-0256AD43ECF5}.Debug|x86.Build.0 = Debug|Win32
		{75293964-2139-48A1-BC0F-0256AD43ECF5}.Release|x64.ActiveCfg = Release|x64
		{75293964-2139-48A1-BC0F-0256AD43ECF5}.Release|x64.Build.0 = Release|x64
		{75293964-2139-48A1-BC0F-0256AD43ECF5}.Release|x86.ActiveCfg = Release|Win32
		{75293964-2139-48A1-BC0F-0256AD43ECF5}.Release|x86.Build.0 = Release|Win32
		{FA1C171E-643F-4EF1-8474-4B8AF3EC6CC4}.Debug|x64.ActiveCfg = Debug|x64
		{FA1C171E-643F-4EF1-8474-4B8AF3EC6CC4}.Debug|x64.Build.0 = Debug|x64
		{FA1C171E-643F-4EF1-8474-4B8AF3EC6CC4}.Debug|x86.ActiveCfg = Debug|Win32
		{FA1C171E-643F-4EF1-8474-4B8AF3EC6CC4}.Debug|x86.Build.0 = Debug|Win32
		{FA1C171E-643F-4EF1-8474-4B8AF3EC6CC4}.Release|x64.ActiveCfg = Release|x64
		{FA1C171E-643F-4EF1-8474-4B8AF3EC6CC4}.Release|x64.Build.0 = Release|x64
		{FA1C171E-643F-4EF1-8474-4B8AF3EC6CC4}.Release|x86.ActiveCfg = Release|Win32
		{FA1C171E-643F-4EF1-8474-4B8AF3EC6CC4}.Release|x86.Build.0 = Release|Win32
		{C33514E9-F07E-4A78-B46A-390480757078}.Debug|x64.ActiveCfg = Debug|x64
		{C33514E9-F07E-4A78-B46A-390480757078}.Debug|x64.Build.0 = Debug|x64
		{C33514E9-F07E-4A78-B46A-390480757078}.Debug|x86.ActiveCfg = Debug|Win32
		{C33514E9-F07E-4A78-B46A-390480757078}.Debug|x86.Build.0 = Debug|Win32
		{C33514E9-F07E-4A78-B46A-390480757078}.Release|x64.ActiveCfg = Release|x64
		{C33514E9-F07E-4A78-B46A-390480757078}.Release|x64.Build.0 = Release|x64
		{C33514E9-F07E-4A78-B46A-390480757078}.Release|x86.ActiveCfg = Release|Win32
		{C33514E9-F07E-4A78-B46A-390480757078}.Release|x86.Build.0 = Release|Win32
		{92A98696-719C-49D7-94E9-FD4C417CAC26}.Debug|x64.ActiveCfg = Debug|x64
		{92A98696-719C-49D7-94E9-FD4C417CAC26}.Debug|x64.Build.0 = Debug|x64
		{92A98696-719C-49D7-94E9-FD4C417CAC26}.Debug|x86.ActiveCfg = Debug|Win32
		{92A98696-719C-49D7-94E9-FD4C417CAC26}.Debug|x86.Build.0 = Debug|Win32
		{92A98696-719C-49D7-94E9-FD4C417CAC26}.Release|x64.ActiveCfg = Release|x64
		{92A98696-719C-49D7-94E9-FD4C417CAC26}.Release|x64.Build.0 = Release|x64
		{92A98696-719C-49D7-94E9-FD4C417CAC26}.Release|x86.ActiveCfg = Release|Win32
		{92A98696-719C-49D7-94E9-FD4C417CAC26}.Release|x86.Build.0 = Release|Win32
		{72CC3BCE-1F76-4D15-81D6-7A91AB83728E}.Debug|x64.ActiveCfg = Debug|x64
		{72CC3BCE-1F76-4D15-81D6-7A91AB83728E}.Debug|x64.Build.0 = Debug|x64
		{72CC3BCE-1F76-4D15-81D6-7A91AB83728E}.Debug|x86.ActiveCfg = Debug|Win32
		{72CC3BCE-1F76-4D15-81D6-7A91AB83728E}.Debug|x86.Build.0 = Debug|Win32
		{72CC3BCE-1F76-4D15-81D6-7A91AB83728E}.Release|x64.ActiveCfg = Release|x64
		{72CC3BCE-1F76-4D15-81D6-7A91AB83728E}.Release|x64.Build.0 = Release|x64
		{72CC3BCE-1F76-4D15-81D6-7A91AB83728E}.Release|x86.ActiveCfg = Release|Win32
		{72CC3BCE-1F76-4D15-81D6-7A91AB83728E}.Release|x86.Build.0 = Release|Win32
		{C50A9A76-9AC6-4535-97FC-FD634DB7949A}.Debug|x64.ActiveCfg = Debug|x64
		{C50A9A76-9AC6-4535-97FC-FD634DB7949A}.Debug|x64.Build.0 = Debug|x64
		{C50A9A76-9AC6-4535-97FC-FD634DB7949A}.Debug|x86.ActiveCfg = Debug|Win32
		{C50A9A76-9AC6-4535-97FC-FD634DB7949A}.Debug|x86.Build.0 = Debug|Win32
		{C50A9A76-9AC6-4535-97FC-FD634DB7949A}.Release|x64.ActiveCfg = Release|x64
		{C50A9A76-9AC6-4535-97FC-FD634DB7949A}.Release|x64.Build.0 = Release|x64
		{C50A9A76-9AC6-4535-97FC-FD634DB7949A}.Release|x86.ActiveCfg = Release|Win32
		{C50A9A76-9AC6-4535-97FC-FD634DB7949A}.Release|x86.Build.0 = Release|Win32
		{9EAA8BEC-D67F-443B-9C36-D9F7B9803C7F}.Debug|x64.ActiveCfg = Debug|x64
		{9EAA8BEC-D67F-443B-9C36-D9F7B9803C7F}.Debug|x64.Build.0 = Debug|x64
		{9EAA8BEC-D67F-443B-9C36-D9F7B9803C7F}.Debug|x86.ActiveCfg = Debug|Win32
		{9EAA8BEC-D67F-443B-9C36-D9F7B9803C7F}.Debug|x86.Build.0 = Debug|Win32
		{9EAA8BEC-D67F-443B-9C36-D9F7B9803C7F}.Release|x64.ActiveCfg = Release|x64
		{9EAA8BEC-D67F-443B-9C36-D9F7B9803C7F}.Release|x64.Build.0 = Release|x64
		{9EAA8BEC-D67F-443B-9C36-D9F7B9803C7F}.Release|x86.ActiveCfg = Release|Win32
		{9EAA8BEC-D67F-443B-9C36-D9F7B9803C7F}.Release|x86.Build.0 = Release|Win32
		{CDFC0B83-045E-4F6C-91FE-B70DA0F813DF}.Debug|x64.ActiveCfg = Debug|x64
		{CDFC0B83-045E-4F6C-91FE-B70DA0F813DF}.Debug|x64.Build.0 = Debug|x64
		{CDFC0B83-045E-4F6C-91FE-B70DA0F813DF}.Debug|x86.ActiveCfg = Debug|Win32
		{CDFC0B83-045E-4F6C-91FE-B70DA0F813DF}.Debug|x86.Build.0 = Debug|Win32
		{CDFC0B83-045E-4F6C-91FE-B70DA0F813DF}.Release|x64.ActiveCfg = Release|x64
		{CDFC0B83-045E-4F6C-91FE-B70DA0F813DF}.Release|x64.Build.0 = Release|x64
		{CDFC0B83-045E-4F6C-91FE-B70DA0F813DF}.Release|x86.ActiveCfg = Release|Win32
		{CDFC0B83-045E-4F6C-91FE-B70DA0F813DF}.Release|x86.Build.0 = Release|Win32
		{FCFCE76D-AFE8-4900-8809-9C1E34CD6E15}.Debug|x64.ActiveCfg = Debug|x64
		{FCFCE76D-AFE8-4900-8809-9C1E34CD6E15}.Debug|x64.Build.0 = Debug|x64
		{FCFCE76D-AFE8-4900-8809-9C1E34CD6E15}.Debug|x86.ActiveCfg = Debug|Win32
		{FCFCE76D-AFE8-4900-8809-9C1E34CD6E15}.Debug|x86.Build.0 = Debug|Win32
		{FCFCE76D-AFE8-4900-8809-9C1E34CD6E15}.Release|x64.ActiveCfg = Release|x64
		{FCFCE76D-AFE8-4900-8809-9C1E34CD6E15}.Release|x64.Build.0 = Release|x64
		{FCFCE76D-AFE8-4900-8809-9C1E34CD6E15}.Release|x86.ActiveCfg = Release|Win32
		{FCFCE76D-AFE8-4900-8809-9C1E34CD6E15}.Release|x86.Build.0 = Release|Win32
	EndGlobalSection
	GlobalSection(SolutionProperties) = preSolution
		HideSolutionNode = FALSE
	EndGlobalSection
	GlobalSection(ExtensibilityGlobals) = postSolution
		SolutionGuid = {518E7AA0-A372-4090-A85D-3F23D9EFA5B5}
	EndGlobalSection
EndGlobal
